
Microsoft Visual Studio Solution File, Format Version 12.00
# Visual Studio Version 17
VisualStudioVersion = 17.0.31903.59
MinimumVisualStudioVersion = 10.0.40219.1
Project("{FAE04EC0-301F-11D3-BF4B-00C04F79EFBC}") = "API", "API\API.csproj", "{A0C2564E-8557-4E0C-BCB7-0999E90FCA18}"
EndProject
Project("{FAE04EC0-301F-11D3-BF4B-00C04F79EFBC}") = "Application", "Application\Application.csproj", "{A2B8B2FE-09C0-4AB7-AED4-BD5F7CA829A4}"
EndProject
Project("{FAE04EC0-301F-11D3-BF4B-00C04F79EFBC}") = "Persistence", "Persistence\Persistence.csproj", "{01D692A6-EE78-4628-843B-312EC26B822E}"
EndProject
Project("{FAE04EC0-301F-11D3-BF4B-00C04F79EFBC}") = "Domain", "Domain\Domain.csproj", "{A55CA36A-0345-417F-8770-AC3182AE3736}"
EndProject
Global
	GlobalSection(SolutionConfigurationPlatforms) = preSolution
		Debug|Any CPU = Debug|Any CPU
		Release|Any CPU = Release|Any CPU
	EndGlobalSection
	GlobalSection(SolutionProperties) = preSolution
		HideSolutionNode = FALSE
	EndGlobalSection
	GlobalSection(ProjectConfigurationPlatforms) = postSolution
		{A0C2564E-8557-4E0C-BCB7-0999E90FCA18}.Debug|Any CPU.ActiveCfg = Debug|Any CPU
		{A0C2564E-8557-4E0C-BCB7-0999E90FCA18}.Debug|Any CPU.Build.0 = Debug|Any CPU
		{A0C2564E-8557-4E0C-BCB7-0999E90FCA18}.Release|Any CPU.ActiveCfg = Release|Any CPU
		{A0C2564E-8557-4E0C-BCB7-0999E90FCA18}.Release|Any CPU.Build.0 = Release|Any CPU
		{A2B8B2FE-09C0-4AB7-AED4-BD5F7CA829A4}.Debug|Any CPU.ActiveCfg = Debug|Any CPU
		{A2B8B2FE-09C0-4AB7-AED4-BD5F7CA829A4}.Debug|Any CPU.Build.0 = Debug|Any CPU
		{A2B8B2FE-09C0-4AB7-AED4-BD5F7CA829A4}.Release|Any CPU.ActiveCfg = Release|Any CPU
		{A2B8B2FE-09C0-4AB7-AED4-BD5F7CA829A4}.Release|Any CPU.Build.0 = Release|Any CPU
		{01D692A6-EE78-4628-843B-312EC26B822E}.Debug|Any CPU.ActiveCfg = Debug|Any CPU
		{01D692A6-EE78-4628-843B-312EC26B822E}.Debug|Any CPU.Build.0 = Debug|Any CPU
		{01D692A6-EE78-4628-843B-312EC26B822E}.Release|Any CPU.ActiveCfg = Release|Any CPU
		{01D692A6-EE78-4628-843B-312EC26B822E}.Release|Any CPU.Build.0 = Release|Any CPU
		{A55CA36A-0345-417F-8770-AC3182AE3736}.Debug|Any CPU.ActiveCfg = Debug|Any CPU
		{A55CA36A-0345-417F-8770-AC3182AE3736}.Debug|Any CPU.Build.0 = Debug|Any CPU
		{A55CA36A-0345-417F-8770-AC3182AE3736}.Release|Any CPU.ActiveCfg = Release|Any CPU
		{A55CA36A-0345-417F-8770-AC3182AE3736}.Release|Any CPU.Build.0 = Release|Any CPU
	EndGlobalSection
EndGlobal
